
Microsoft Visual Studio Solution File, Format Version 12.00
Project("{FAE04EC0-301F-11D3-BF4B-00C04F79EFBC}") = "PrintThatCard", "PrintThatCard.csproj", "{A3543064-7F4B-42D6-8382-224E8A002EE5}"
EndProject
Global
	GlobalSection(SolutionConfigurationPlatforms) = preSolution
		Debug|Any CPU = Debug|Any CPU
		Release|Any CPU = Release|Any CPU
	EndGlobalSection
	GlobalSection(ProjectConfigurationPlatforms) = postSolution
		{A3543064-7F4B-42D6-8382-224E8A002EE5}.Debug|Any CPU.ActiveCfg = Debug|Any CPU
		{A3543064-7F4B-42D6-8382-224E8A002EE5}.Debug|Any CPU.Build.0 = Debug|Any CPU
		{A3543064-7F4B-42D6-8382-224E8A002EE5}.Release|Any CPU.ActiveCfg = Release|Any CPU
		{A3543064-7F4B-42D6-8382-224E8A002EE5}.Release|Any CPU.Build.0 = Release|Any CPU
	EndGlobalSection
EndGlobal
